
Microsoft Visual Studio Solution File, Format Version 12.00
# Visual Studio Version 17
VisualStudioVersion = 17.14.36616.10 d17.14
MinimumVisualStudioVersion = 10.0.40219.1
Project("{FAE04EC0-301F-11D3-BF4B-00C04F79EFBC}") = "OctafxIndia", "OctafxIndia\OctafxIndia.csproj", "{40333086-BCCF-478C-B8D9-C97A76F13F29}"
EndProject
Global
	GlobalSection(SolutionConfigurationPlatforms) = preSolution
		Debug|Any CPU = Debug|Any CPU
		Release|Any CPU = Release|Any CPU
	EndGlobalSection
	GlobalSection(ProjectConfigurationPlatforms) = postSolution
		{40333086-BCCF-478C-B8D9-C97A76F13F29}.Debug|Any CPU.ActiveCfg = Debug|Any CPU
		{40333086-BCCF-478C-B8D9-C97A76F13F29}.Debug|Any CPU.Build.0 = Debug|Any CPU
		{40333086-BCCF-478C-B8D9-C97A76F13F29}.Release|Any CPU.ActiveCfg = Release|Any CPU
		{40333086-BCCF-478C-B8D9-C97A76F13F29}.Release|Any CPU.Build.0 = Release|Any CPU
	EndGlobalSection
	GlobalSection(SolutionProperties) = preSolution
		HideSolutionNode = FALSE
	EndGlobalSection
	GlobalSection(ExtensibilityGlobals) = postSolution
		SolutionGuid = {39A8C99F-3E86-402A-8283-16E8C96F9B90}
	EndGlobalSection
EndGlobal
